
Microsoft Visual Studio Solution File, Format Version 12.00
# Visual Studio 15
Project("{FAE04EC0-301F-11D3-BF4B-00C04F79EFBC}") = "Assembly-CSharp", "Assembly-CSharp.csproj", "{96E37B1D-C79F-4414-8382-FC748672045A}"
EndProject
Project("{FAE04EC0-301F-11D3-BF4B-00C04F79EFBC}") = "Assembly-CSharp-Editor", "Assembly-CSharp-Editor.csproj", "{BE52D31A-B9A4-2B05-4A4C-2A254E47FF60}"
EndProject
Global
	GlobalSection(SolutionConfigurationPlatforms) = preSolution
		Debug|Any CPU = Debug|Any CPU
		Release|Any CPU = Release|Any CPU
	EndGlobalSection
	GlobalSection(ProjectConfigurationPlatforms) = postSolution
		{96E37B1D-C79F-4414-8382-FC748672045A}.Debug|Any CPU.ActiveCfg = Debug|Any CPU
		{96E37B1D-C79F-4414-8382-FC748672045A}.Debug|Any CPU.Build.0 = Debug|Any CPU
		{96E37B1D-C79F-4414-8382-FC748672045A}.Release|Any CPU.ActiveCfg = Release|Any CPU
		{96E37B1D-C79F-4414-8382-FC748672045A}.Release|Any CPU.Build.0 = Release|Any CPU
		{BE52D31A-B9A4-2B05-4A4C-2A254E47FF60}.Debug|Any CPU.ActiveCfg = Debug|Any CPU
		{BE52D31A-B9A4-2B05-4A4C-2A254E47FF60}.Debug|Any CPU.Build.0 = Debug|Any CPU
		{BE52D31A-B9A4-2B05-4A4C-2A254E47FF60}.Release|Any CPU.ActiveCfg = Release|Any CPU
		{BE52D31A-B9A4-2B05-4A4C-2A254E47FF60}.Release|Any CPU.Build.0 = Release|Any CPU
	EndGlobalSection
	GlobalSection(SolutionProperties) = preSolution
		HideSolutionNode = FALSE
	EndGlobalSection
EndGlobal
